
Microsoft Visual Studio Solution File, Format Version 12.00
# Visual Studio Version 16
VisualStudioVersion = 16.0.31410.357
MinimumVisualStudioVersion = 10.0.40219.1
Project("{FAE04EC0-301F-11D3-BF4B-00C04F79EFBC}") = "GuncelAlgoritmaSorusu", "GuncelAlgoritmaSorusu\GuncelAlgoritmaSorusu.csproj", "{A63A191B-62E5-4B82-AEE1-2AF188FBB398}"
EndProject
Global
	GlobalSection(SolutionConfigurationPlatforms) = preSolution
		Debug|Any CPU = Debug|Any CPU
		Release|Any CPU = Release|Any CPU
	EndGlobalSection
	GlobalSection(ProjectConfigurationPlatforms) = postSolution
		{A63A191B-62E5-4B82-AEE1-2AF188FBB398}.Debug|Any CPU.ActiveCfg = Debug|Any CPU
		{A63A191B-62E5-4B82-AEE1-2AF188FBB398}.Debug|Any CPU.Build.0 = Debug|Any CPU
		{A63A191B-62E5-4B82-AEE1-2AF188FBB398}.Release|Any CPU.ActiveCfg = Release|Any CPU
		{A63A191B-62E5-4B82-AEE1-2AF188FBB398}.Release|Any CPU.Build.0 = Release|Any CPU
	EndGlobalSection
	GlobalSection(SolutionProperties) = preSolution
		HideSolutionNode = FALSE
	EndGlobalSection
	GlobalSection(ExtensibilityGlobals) = postSolution
		SolutionGuid = {4903377A-E006-4B5C-9F32-BB0585BF9F72}
	EndGlobalSection
EndGlobal
